// !$*UTF8*$!
{
	archiveVersion = 1;
	classes = {
	};
	objectVersion = 56;
	objects = {

/* Begin PBXBuildFile section */
		F962A3B82994A0B30000EBCB /* AppDelegate.swift in Sources */ = {isa = PBXBuildFile; fileRef = F962A3B72994A0B30000EBCB /* AppDelegate.swift */; };
		F962A3BA2994A0B30000EBCB /* SceneDelegate.swift in Sources */ = {isa = PBXBuildFile; fileRef = F962A3B92994A0B30000EBCB /* SceneDelegate.swift */; };
		F962A3BC2994A0B30000EBCB /* ViewController.swift in Sources */ = {isa = PBXBuildFile; fileRef = F962A3BB2994A0B30000EBCB /* ViewController.swift */; };
		F962A3BF2994A0B30000EBCB /* Main.storyboard in Resources */ = {isa = PBXBuildFile; fileRef = F962A3BD2994A0B30000EBCB /* Main.storyboard */; };
		F962A3C12994A0B30000EBCB /* Assets.xcassets in Resources */ = {isa = PBXBuildFile; fileRef = F962A3C02994A0B30000EBCB /* Assets.xcassets */; };
		F962A3C42994A0B30000EBCB /* LaunchScreen.storyboard in Resources */ = {isa = PBXBuildFile; fileRef = F962A3C22994A0B30000EBCB /* LaunchScreen.storyboard */; };
		F962A3CF2994A0B40000EBCB /* PhotoScavengerHuntTests.swift in Sources */ = {isa = PBXBuildFile; fileRef = F962A3CE2994A0B40000EBCB /* PhotoScavengerHuntTests.swift */; };
		F962A3D92994A0B40000EBCB /* PhotoScavengerHuntUITests.swift in Sources */ = {isa = PBXBuildFile; fileRef = F962A3D82994A0B40000EBCB /* PhotoScavengerHuntUITests.swift */; };
		F962A3DB2994A0B40000EBCB /* PhotoScavengerHuntUITestsLaunchTests.swift in Sources */ = {isa = PBXBuildFile; fileRef = F962A3DA2994A0B40000EBCB /* PhotoScavengerHuntUITestsLaunchTests.swift */; };
		F962A3E92994A32C0000EBCB /* Thing.swift in Sources */ = {isa = PBXBuildFile; fileRef = F962A3E82994A32C0000EBCB /* Thing.swift */; };
		F962A3EC2994A51A0000EBCB /* SHListViewController.swift in Sources */ = {isa = PBXBuildFile; fileRef = F962A3EB2994A51A0000EBCB /* SHListViewController.swift */; };
		F962A3EE2994A5390000EBCB /* ThingCell.swift in Sources */ = {isa = PBXBuildFile; fileRef = F962A3ED2994A5390000EBCB /* ThingCell.swift */; };
/* End PBXBuildFile section */

/* Begin PBXContainerItemProxy section */
		F962A3CB2994A0B40000EBCB /* PBXContainerItemProxy */ = {
			isa = PBXContainerItemProxy;
			containerPortal = F962A3AC2994A0B30000EBCB /* Project object */;
			proxyType = 1;
			remoteGlobalIDString = F962A3B32994A0B30000EBCB;
			remoteInfo = PhotoScavengerHunt;
		};
		F962A3D52994A0B40000EBCB /* PBXContainerItemProxy */ = {
			isa = PBXContainerItemProxy;
			containerPortal = F962A3AC2994A0B30000EBCB /* Project object */;
			proxyType = 1;
			remoteGlobalIDString = F962A3B32994A0B30000EBCB;
			remoteInfo = PhotoScavengerHunt;
		};
/* End PBXContainerItemProxy section */

/* Begin PBXFileReference section */
		F962A3B42994A0B30000EBCB /* PhotoScavengerHunt.app */ = {isa = PBXFileReference; explicitFileType = wrapper.application; includeInIndex = 0; path = PhotoScavengerHunt.app; sourceTree = BUILT_PRODUCTS_DIR; };
		F962A3B72994A0B30000EBCB /* AppDelegate.swift */ = {isa = PBXFileReference; lastKnownFileType = sourcecode.swift; path = AppDelegate.swift; sourceTree = "<group>"; };
		F962A3B92994A0B30000EBCB /* SceneDelegate.swift */ = {isa = PBXFileReference; lastKnownFileType = sourcecode.swift; path = SceneDelegate.swift; sourceTree = "<group>"; };
		F962A3BB2994A0B30000EBCB /* ViewController.swift */ = {isa = PBXFileReference; lastKnownFileType = sourcecode.swift; path = ViewController.swift; sourceTree = "<group>"; };
		F962A3BE2994A0B30000EBCB /* Base */ = {isa = PBXFileReference; lastKnownFileType = file.storyboard; name = Base; path = Base.lproj/Main.storyboard; sourceTree = "<group>"; };
		F962A3C02994A0B30000EBCB /* Assets.xcassets */ = {isa = PBXFileReference; lastKnownFileType = folder.assetcatalog; path = Assets.xcassets; sourceTree = "<group>"; };
		F962A3C32994A0B30000EBCB /* Base */ = {isa = PBXFileReference; lastKnownFileType = file.storyboard; name = Base; path = Base.lproj/LaunchScreen.storyboard; sourceTree = "<group>"; };
		F962A3C52994A0B30000EBCB /* Info.plist */ = {isa = PBXFileReference; lastKnownFileType = text.plist.xml; path = Info.plist; sourceTree = "<group>"; };
		F962A3CA2994A0B40000EBCB /* PhotoScavengerHuntTests.xctest */ = {isa = PBXFileReference; explicitFileType = wrapper.cfbundle; includeInIndex = 0; path = PhotoScavengerHuntTests.xctest; sourceTree = BUILT_PRODUCTS_DIR; };
		F962A3CE2994A0B40000EBCB /* PhotoScavengerHuntTests.swift */ = {isa = PBXFileReference; lastKnownFileType = sourcecode.swift; path = PhotoScavengerHuntTests.swift; sourceTree = "<group>"; };
		F962A3D42994A0B40000EBCB /* PhotoScavengerHuntUITests.xctest */ = {isa = PBXFileReference; explicitFileType = wrapper.cfbundle; includeInIndex = 0; path = PhotoScavengerHuntUITests.xctest; sourceTree = BUILT_PRODUCTS_DIR; };
		F962A3D82994A0B40000EBCB /* PhotoScavengerHuntUITests.swift */ = {isa = PBXFileReference; lastKnownFileType = sourcecode.swift; path = PhotoScavengerHuntUITests.swift; sourceTree = "<group>"; };
		F962A3DA2994A0B40000EBCB /* PhotoScavengerHuntUITestsLaunchTests.swift */ = {isa = PBXFileReference; lastKnownFileType = sourcecode.swift; path = PhotoScavengerHuntUITestsLaunchTests.swift; sourceTree = "<group>"; };
		F962A3E82994A32C0000EBCB /* Thing.swift */ = {isa = PBXFileReference; lastKnownFileType = sourcecode.swift; path = Thing.swift; sourceTree = "<group>"; };
		F962A3EB2994A51A0000EBCB /* SHListViewController.swift */ = {isa = PBXFileReference; lastKnownFileType = sourcecode.swift; path = SHListViewController.swift; sourceTree = "<group>"; };
		F962A3ED2994A5390000EBCB /* ThingCell.swift */ = {isa = PBXFileReference; lastKnownFileType = sourcecode.swift; path = ThingCell.swift; sourceTree = "<group>"; };
/* End PBXFileReference section */

/* Begin PBXFrameworksBuildPhase section */
		F962A3B12994A0B30000EBCB /* Frameworks */ = {
			isa = PBXFrameworksBuildPhase;
			buildActionMask = 2147483647;
			files = (
			);
			runOnlyForDeploymentPostprocessing = 0;
		};
		F962A3C72994A0B40000EBCB /* Frameworks */ = {
			isa = PBXFrameworksBuildPhase;
			buildActionMask = 2147483647;
			files = (
			);
			runOnlyForDeploymentPostprocessing = 0;
		};
		F962A3D12994A0B40000EBCB /* Frameworks */ = {
			isa = PBXFrameworksBuildPhase;
			buildActionMask = 2147483647;
			files = (
			);
			runOnlyForDeploymentPostprocessing = 0;
		};
/* End PBXFrameworksBuildPhase section */

/* Begin PBXGroup section */
		F962A3AB2994A0B30000EBCB = {
			isa = PBXGroup;
			children = (
				F962A3B62994A0B30000EBCB /* PhotoScavengerHunt */,
				F962A3CD2994A0B40000EBCB /* PhotoScavengerHuntTests */,
				F962A3D72994A0B40000EBCB /* PhotoScavengerHuntUITests */,
				F962A3B52994A0B30000EBCB /* Products */,
			);
			sourceTree = "<group>";
		};
		F962A3B52994A0B30000EBCB /* Products */ = {
			isa = PBXGroup;
			children = (
				F962A3B42994A0B30000EBCB /* PhotoScavengerHunt.app */,
				F962A3CA2994A0B40000EBCB /* PhotoScavengerHuntTests.xctest */,
				F962A3D42994A0B40000EBCB /* PhotoScavengerHuntUITests.xctest */,
			);
			name = Products;
			sourceTree = "<group>";
		};
		F962A3B62994A0B30000EBCB /* PhotoScavengerHunt */ = {
			isa = PBXGroup;
			children = (
				F962A3EA2994A5000000EBCB /* Task List */,
				F962A3E72994A2F50000EBCB /* Models */,
				F962A3B72994A0B30000EBCB /* AppDelegate.swift */,
				F962A3B92994A0B30000EBCB /* SceneDelegate.swift */,
				F962A3BB2994A0B30000EBCB /* ViewController.swift */,
				F962A3BD2994A0B30000EBCB /* Main.storyboard */,
				F962A3C02994A0B30000EBCB /* Assets.xcassets */,
				F962A3C22994A0B30000EBCB /* LaunchScreen.storyboard */,
				F962A3C52994A0B30000EBCB /* Info.plist */,
			);
			path = PhotoScavengerHunt;
			sourceTree = "<group>";
		};
		F962A3CD2994A0B40000EBCB /* PhotoScavengerHuntTests */ = {
			isa = PBXGroup;
			children = (
				F962A3CE2994A0B40000EBCB /* PhotoScavengerHuntTests.swift */,
			);
			path = PhotoScavengerHuntTests;
			sourceTree = "<group>";
		};
		F962A3D72994A0B40000EBCB /* PhotoScavengerHuntUITests */ = {
			isa = PBXGroup;
			children = (
				F962A3D82994A0B40000EBCB /* PhotoScavengerHuntUITests.swift */,
				F962A3DA2994A0B40000EBCB /* PhotoScavengerHuntUITestsLaunchTests.swift */,
			);
			path = PhotoScavengerHuntUITests;
			sourceTree = "<group>";
		};
		F962A3E72994A2F50000EBCB /* Models */ = {
			isa = PBXGroup;
			children = (
				F962A3E82994A32C0000EBCB /* Thing.swift */,
			);
			path = Models;
			sourceTree = "<group>";
		};
		F962A3EA2994A5000000EBCB /* Task List */ = {
			isa = PBXGroup;
			children = (
				F962A3EB2994A51A0000EBCB /* SHListViewController.swift */,
				F962A3ED2994A5390000EBCB /* ThingCell.swift */,
			);
			path = "Task List";
			sourceTree = "<group>";
		};
/* End PBXGroup section */

/* Begin PBXNativeTarget section */
		F962A3B32994A0B30000EBCB /* PhotoScavengerHunt */ = {
			isa = PBXNativeTarget;
			buildConfigurationList = F962A3DE2994A0B40000EBCB /* Build configuration list for PBXNativeTarget "PhotoScavengerHunt" */;
			buildPhases = (
				F962A3B02994A0B30000EBCB /* Sources */,
				F962A3B12994A0B30000EBCB /* Frameworks */,
				F962A3B22994A0B30000EBCB /* Resources */,
			);
			buildRules = (
			);
			dependencies = (
			);
			name = PhotoScavengerHunt;
			productName = PhotoScavengerHunt;
			productReference = F962A3B42994A0B30000EBCB /* PhotoScavengerHunt.app */;
			productType = "com.apple.product-type.application";
		};
		F962A3C92994A0B40000EBCB /* PhotoScavengerHuntTests */ = {
			isa = PBXNativeTarget;
			buildConfigurationList = F962A3E12994A0B40000EBCB /* Build configuration list for PBXNativeTarget "PhotoScavengerHuntTests" */;
			buildPhases = (
				F962A3C62994A0B40000EBCB /* Sources */,
				F962A3C72994A0B40000EBCB /* Frameworks */,
				F962A3C82994A0B40000EBCB /* Resources */,
			);
			buildRules = (
			);
			dependencies = (
				F962A3CC2994A0B40000EBCB /* PBXTargetDependency */,
			);
			name = PhotoScavengerHuntTests;
			productName = PhotoScavengerHuntTests;
			productReference = F962A3CA2994A0B40000EBCB /* PhotoScavengerHuntTests.xctest */;
			productType = "com.apple.product-type.bundle.unit-test";
		};
		F962A3D32994A0B40000EBCB /* PhotoScavengerHuntUITests */ = {
			isa = PBXNativeTarget;
			buildConfigurationList = F962A3E42994A0B40000EBCB /* Build configuration list for PBXNativeTarget "PhotoScavengerHuntUITests" */;
			buildPhases = (
				F962A3D02994A0B40000EBCB /* Sources */,
				F962A3D12994A0B40000EBCB /* Frameworks */,
				F962A3D22994A0B40000EBCB /* Resources */,
			);
			buildRules = (
			);
			dependencies = (
				F962A3D62994A0B40000EBCB /* PBXTargetDependency */,
			);
			name = PhotoScavengerHuntUITests;
			productName = PhotoScavengerHuntUITests;
			productReference = F962A3D42994A0B40000EBCB /* PhotoScavengerHuntUITests.xctest */;
			productType = "com.apple.product-type.bundle.ui-testing";
		};
/* End PBXNativeTarget section */

/* Begin PBXProject section */
		F962A3AC2994A0B30000EBCB /* Project object */ = {
			isa = PBXProject;
			attributes = {
				BuildIndependentTargetsInParallel = 1;
				LastSwiftUpdateCheck = 1420;
				LastUpgradeCheck = 1420;
				TargetAttributes = {
					F962A3B32994A0B30000EBCB = {
						CreatedOnToolsVersion = 14.2;
					};
					F962A3C92994A0B40000EBCB = {
						CreatedOnToolsVersion = 14.2;
						TestTargetID = F962A3B32994A0B30000EBCB;
					};
					F962A3D32994A0B40000EBCB = {
						CreatedOnToolsVersion = 14.2;
						TestTargetID = F962A3B32994A0B30000EBCB;
					};
				};
			};
			buildConfigurationList = F962A3AF2994A0B30000EBCB /* Build configuration list for PBXProject "PhotoScavengerHunt" */;
			compatibilityVersion = "Xcode 14.0";
			developmentRegion = en;
			hasScannedForEncodings = 0;
			knownRegions = (
				en,
				Base,
			);
			mainGroup = F962A3AB2994A0B30000EBCB;
			productRefGroup = F962A3B52994A0B30000EBCB /* Products */;
			projectDirPath = "";
			projectRoot = "";
			targets = (
				F962A3B32994A0B30000EBCB /* PhotoScavengerHunt */,
				F962A3C92994A0B40000EBCB /* PhotoScavengerHuntTests */,
				F962A3D32994A0B40000EBCB /* PhotoScavengerHuntUITests */,
			);
		};
/* End PBXProject section */

/* Begin PBXResourcesBuildPhase section */
		F962A3B22994A0B30000EBCB /* Resources */ = {
			isa = PBXResourcesBuildPhase;
			buildActionMask = 2147483647;
			files = (
				F962A3C42994A0B30000EBCB /* LaunchScreen.storyboard in Resources */,
				F962A3C12994A0B30000EBCB /* Assets.xcassets in Resources */,
				F962A3BF2994A0B30000EBCB /* Main.storyboard in Resources */,
			);
			runOnlyForDeploymentPostprocessing = 0;
		};
		F962A3C82994A0B40000EBCB /* Resources */ = {
			isa = PBXResourcesBuildPhase;
			buildActionMask = 2147483647;
			files = (
			);
			runOnlyForDeploymentPostprocessing = 0;
		};
		F962A3D22994A0B40000EBCB /* Resources */ = {
			isa = PBXResourcesBuildPhase;
			buildActionMask = 2147483647;
			files = (
			);
			runOnlyForDeploymentPostprocessing = 0;
		};
/* End PBXResourcesBuildPhase section */

/* Begin PBXSourcesBuildPhase section */
		F962A3B02994A0B30000EBCB /* Sources */ = {
			isa = PBXSourcesBuildPhase;
			buildActionMask = 2147483647;
			files = (
				F962A3E92994A32C0000EBCB /* Thing.swift in Sources */,
				F962A3EC2994A51A0000EBCB /* SHListViewController.swift in Sources */,
				F962A3BC2994A0B30000EBCB /* ViewController.swift in Sources */,
				F962A3B82994A0B30000EBCB /* AppDelegate.swift in Sources */,
				F962A3EE2994A5390000EBCB /* ThingCell.swift in Sources */,
				F962A3BA2994A0B30000EBCB /* SceneDelegate.swift in Sources */,
			);
			runOnlyForDeploymentPostprocessing = 0;
		};
		F962A3C62994A0B40000EBCB /* Sources */ = {
			isa = PBXSourcesBuildPhase;
			buildActionMask = 2147483647;
			files = (
				F962A3CF2994A0B40000EBCB /* PhotoScavengerHuntTests.swift in Sources */,
			);
			runOnlyForDeploymentPostprocessing = 0;
		};
		F962A3D02994A0B40000EBCB /* Sources */ = {
			isa = PBXSourcesBuildPhase;
			buildActionMask = 2147483647;
			files = (
				F962A3D92994A0B40000EBCB /* PhotoScavengerHuntUITests.swift in Sources */,
				F962A3DB2994A0B40000EBCB /* PhotoScavengerHuntUITestsLaunchTests.swift in Sources */,
			);
			runOnlyForDeploymentPostprocessing = 0;
		};
/* End PBXSourcesBuildPhase section */

/* Begin PBXTargetDependency section */
		F962A3CC2994A0B40000EBCB /* PBXTargetDependency */ = {
			isa = PBXTargetDependency;
			target = F962A3B32994A0B30000EBCB /* PhotoScavengerHunt */;
			targetProxy = F962A3CB2994A0B40000EBCB /* PBXContainerItemProxy */;
		};
		F962A3D62994A0B40000EBCB /* PBXTargetDependency */ = {
			isa = PBXTargetDependency;
			target = F962A3B32994A0B30000EBCB /* PhotoScavengerHunt */;
			targetProxy = F962A3D52994A0B40000EBCB /* PBXContainerItemProxy */;
		};
/* End PBXTargetDependency section */

/* Begin PBXVariantGroup section */
		F962A3BD2994A0B30000EBCB /* Main.storyboard */ = {
			isa = PBXVariantGroup;
			children = (
				F962A3BE2994A0B30000EBCB /* Base */,
			);
			name = Main.storyboard;
			sourceTree = "<group>";
		};
		F962A3C22994A0B30000EBCB /* LaunchScreen.storyboard */ = {
			isa = PBXVariantGroup;
			children = (
				F962A3C32994A0B30000EBCB /* Base */,
			);
			name = LaunchScreen.storyboard;
			sourceTree = "<group>";
		};
/* End PBXVariantGroup section */

/* Begin XCBuildConfiguration section */
		F962A3DC2994A0B40000EBCB /* Debug */ = {
			isa = XCBuildConfiguration;
			buildSettings = {
				ALWAYS_SEARCH_USER_PATHS = NO;
				CLANG_ANALYZER_NONNULL = YES;
				CLANG_ANALYZER_NUMBER_OBJECT_CONVERSION = YES_AGGRESSIVE;
				CLANG_CXX_LANGUAGE_STANDARD = "gnu++20";
				CLANG_ENABLE_MODULES = YES;
				CLANG_ENABLE_OBJC_ARC = YES;
				CLANG_ENABLE_OBJC_WEAK = YES;
				CLANG_WARN_BLOCK_CAPTURE_AUTORELEASING = YES;
				CLANG_WARN_BOOL_CONVERSION = YES;
				CLANG_WARN_COMMA = YES;
				CLANG_WARN_CONSTANT_CONVERSION = YES;
				CLANG_WARN_DEPRECATED_OBJC_IMPLEMENTATIONS = YES;
				CLANG_WARN_DIRECT_OBJC_ISA_USAGE = YES_ERROR;
				CLANG_WARN_DOCUMENTATION_COMMENTS = YES;
				CLANG_WARN_EMPTY_BODY = YES;
				CLANG_WARN_ENUM_CONVERSION = YES;
				CLANG_WARN_INFINITE_RECURSION = YES;
				CLANG_WARN_INT_CONVERSION = YES;
				CLANG_WARN_NON_LITERAL_NULL_CONVERSION = YES;
				CLANG_WARN_OBJC_IMPLICIT_RETAIN_SELF = YES;
				CLANG_WARN_OBJC_LITERAL_CONVERSION = YES;
				CLANG_WARN_OBJC_ROOT_CLASS = YES_ERROR;
				CLANG_WARN_QUOTED_INCLUDE_IN_FRAMEWORK_HEADER = YES;
				CLANG_WARN_RANGE_LOOP_ANALYSIS = YES;
				CLANG_WARN_STRICT_PROTOTYPES = YES;
				CLANG_WARN_SUSPICIOUS_MOVE = YES;
				CLANG_WARN_UNGUARDED_AVAILABILITY = YES_AGGRESSIVE;
				CLANG_WARN_UNREACHABLE_CODE = YES;
				CLANG_WARN__DUPLICATE_METHOD_MATCH = YES;
				COPY_PHASE_STRIP = NO;
				DEBUG_INFORMATION_FORMAT = dwarf;
				ENABLE_STRICT_OBJC_MSGSEND = YES;
				ENABLE_TESTABILITY = YES;
				GCC_C_LANGUAGE_STANDARD = gnu11;
				GCC_DYNAMIC_NO_PIC = NO;
				GCC_NO_COMMON_BLOCKS = YES;
				GCC_OPTIMIZATION_LEVEL = 0;
				GCC_PREPROCESSOR_DEFINITIONS = (
					"DEBUG=1",
					"$(inherited)",
				);
				GCC_WARN_64_TO_32_BIT_CONVERSION = YES;
				GCC_WARN_ABOUT_RETURN_TYPE = YES_ERROR;
				GCC_WARN_UNDECLARED_SELECTOR = YES;
				GCC_WARN_UNINITIALIZED_AUTOS = YES_AGGRESSIVE;
				GCC_WARN_UNUSED_FUNCTION = YES;
				GCC_WARN_UNUSED_VARIABLE = YES;
				IPHONEOS_DEPLOYMENT_TARGET = 16.2;
				MTL_ENABLE_DEBUG_INFO = INCLUDE_SOURCE;
				MTL_FAST_MATH = YES;
				ONLY_ACTIVE_ARCH = YES;
				SDKROOT = iphoneos;
				SWIFT_ACTIVE_COMPILATION_CONDITIONS = DEBUG;
				SWIFT_OPTIMIZATION_LEVEL = "-Onone";
			};
			name = Debug;
		};
		F962A3DD2994A0B40000EBCB /* Release */ = {
			isa = XCBuildConfiguration;
			buildSettings = {
				ALWAYS_SEARCH_USER_PATHS = NO;
				CLANG_ANALYZER_NONNULL = YES;
				CLANG_ANALYZER_NUMBER_OBJECT_CONVERSION = YES_AGGRESSIVE;
				CLANG_CXX_LANGUAGE_STANDARD = "gnu++20";
				CLANG_ENABLE_MODULES = YES;
				CLANG_ENABLE_OBJC_ARC = YES;
				CLANG_ENABLE_OBJC_WEAK = YES;
				CLANG_WARN_BLOCK_CAPTURE_AUTORELEASING = YES;
				CLANG_WARN_BOOL_CONVERSION = YES;
				CLANG_WARN_COMMA = YES;
				CLANG_WARN_CONSTANT_CONVERSION = YES;
				CLANG_WARN_DEPRECATED_OBJC_IMPLEMENTATIONS = YES;
				CLANG_WARN_DIRECT_OBJC_ISA_USAGE = YES_ERROR;
				CLANG_WARN_DOCUMENTATION_COMMENTS = YES;
				CLANG_WARN_EMPTY_BODY = YES;
				CLANG_WARN_ENUM_CONVERSION = YES;
				CLANG_WARN_INFINITE_RECURSION = YES;
				CLANG_WARN_INT_CONVERSION = YES;
				CLANG_WARN_NON_LITERAL_NULL_CONVERSION = YES;
				CLANG_WARN_OBJC_IMPLICIT_RETAIN_SELF = YES;
				CLANG_WARN_OBJC_LITERAL_CONVERSION = YES;
				CLANG_WARN_OBJC_ROOT_CLASS = YES_ERROR;
				CLANG_WARN_QUOTED_INCLUDE_IN_FRAMEWORK_HEADER = YES;
				CLANG_WARN_RANGE_LOOP_ANALYSIS = YES;
				CLANG_WARN_STRICT_PROTOTYPES = YES;
				CLANG_WARN_SUSPICIOUS_MOVE = YES;
				CLANG_WARN_UNGUARDED_AVAILABILITY = YES_AGGRESSIVE;
				CLANG_WARN_UNREACHABLE_CODE = YES;
				CLANG_WARN__DUPLICATE_METHOD_MATCH = YES;
				COPY_PHASE_STRIP = NO;
				DEBUG_INFORMATION_FORMAT = "dwarf-with-dsym";
				ENABLE_NS_ASSERTIONS = NO;
				ENABLE_STRICT_OBJC_MSGSEND = YES;
				GCC_C_LANGUAGE_STANDARD = gnu11;
				GCC_NO_COMMON_BLOCKS = YES;
				GCC_WARN_64_TO_32_BIT_CONVERSION = YES;
				GCC_WARN_ABOUT_RETURN_TYPE = YES_ERROR;
				GCC_WARN_UNDECLARED_SELECTOR = YES;
				GCC_WARN_UNINITIALIZED_AUTOS = YES_AGGRESSIVE;
				GCC_WARN_UNUSED_FUNCTION = YES;
				GCC_WARN_UNUSED_VARIABLE = YES;
				IPHONEOS_DEPLOYMENT_TARGET = 16.2;
				MTL_ENABLE_DEBUG_INFO = NO;
				MTL_FAST_MATH = YES;
				SDKROOT = iphoneos;
				SWIFT_COMPILATION_MODE = wholemodule;
				SWIFT_OPTIMIZATION_LEVEL = "-O";
				VALIDATE_PRODUCT = YES;
			};
			name = Release;
		};
		F962A3DF2994A0B40000EBCB /* Debug */ = {
			isa = XCBuildConfiguration;
			buildSettings = {
				ASSETCATALOG_COMPILER_APPICON_NAME = AppIcon;
				ASSETCATALOG_COMPILER_GLOBAL_ACCENT_COLOR_NAME = AccentColor;
				CODE_SIGN_STYLE = Automatic;
				CURRENT_PROJECT_VERSION = 1;
				DEVELOPMENT_TEAM = WN2TFA8SPY;
				GENERATE_INFOPLIST_FILE = YES;
				INFOPLIST_FILE = PhotoScavengerHunt/Info.plist;
				INFOPLIST_KEY_UIApplicationSupportsIndirectInputEvents = YES;
				INFOPLIST_KEY_UILaunchStoryboardName = LaunchScreen;
				INFOPLIST_KEY_UIMainStoryboardFile = Main;
				INFOPLIST_KEY_UISupportedInterfaceOrientations_iPad = "UIInterfaceOrientationPortrait UIInterfaceOrientationPortraitUpsideDown UIInterfaceOrientationLandscapeLeft UIInterfaceOrientationLandscapeRight";
				INFOPLIST_KEY_UISupportedInterfaceOrientations_iPhone = "UIInterfaceOrientationPortrait UIInterfaceOrientationLandscapeLeft UIInterfaceOrientationLandscapeRight";
				LD_RUNPATH_SEARCH_PATHS = (
					"$(inherited)",
					"@executable_path/Frameworks",
				);
				MARKETING_VERSION = 1.0;
				PRODUCT_BUNDLE_IDENTIFIER = com.SZEAN.PhotoScavengerHunt;
				PRODUCT_NAME = "$(TARGET_NAME)";
				SWIFT_EMIT_LOC_STRINGS = YES;
				SWIFT_VERSION = 5.0;
				TARGETED_DEVICE_FAMILY = "1,2";
			};
			name = Debug;
		};
		F962A3E02994A0B40000EBCB /* Release */ = {
			isa = XCBuildConfiguration;
			buildSettings = {
				ASSETCATALOG_COMPILER_APPICON_NAME = AppIcon;
				ASSETCATALOG_COMPILER_GLOBAL_ACCENT_COLOR_NAME = AccentColor;
				CODE_SIGN_STYLE = Automatic;
				CURRENT_PROJECT_VERSION = 1;
				DEVELOPMENT_TEAM = WN2TFA8SPY;
				GENERATE_INFOPLIST_FILE = YES;
				INFOPLIST_FILE = PhotoScavengerHunt/Info.plist;
				INFOPLIST_KEY_UIApplicationSupportsIndirectInputEvents = YES;
				INFOPLIST_KEY_UILaunchStoryboardName = LaunchScreen;
				INFOPLIST_KEY_UIMainStoryboardFile = Main;
				INFOPLIST_KEY_UISupportedInterfaceOrientations_iPad = "UIInterfaceOrientationPortrait UIInterfaceOrientationPortraitUpsideDown UIInterfaceOrientationLandscapeLeft UIInterfaceOrientationLandscapeRight";
				INFOPLIST_KEY_UISupportedInterfaceOrientations_iPhone = "UIInterfaceOrientationPortrait UIInterfaceOrientationLandscapeLeft UIInterfaceOrientationLandscapeRight";
				LD_RUNPATH_SEARCH_PATHS = (
					"$(inherited)",
					"@executable_path/Frameworks",
				);
				MARKETING_VERSION = 1.0;
				PRODUCT_BUNDLE_IDENTIFIER = com.SZEAN.PhotoScavengerHunt;
				PRODUCT_NAME = "$(TARGET_NAME)";
				SWIFT_EMIT_LOC_STRINGS = YES;
				SWIFT_VERSION = 5.0;
				TARGETED_DEVICE_FAMILY = "1,2";
			};
			name = Release;
		};
		F962A3E22994A0B40000EBCB /* Debug */ = {
			isa = XCBuildConfiguration;
			buildSettings = {
				ALWAYS_EMBED_SWIFT_STANDARD_LIBRARIES = YES;
				BUNDLE_LOADER = "$(TEST_HOST)";
				CODE_SIGN_STYLE = Automatic;
				CURRENT_PROJECT_VERSION = 1;
				DEVELOPMENT_TEAM = WN2TFA8SPY;
				GENERATE_INFOPLIST_FILE = YES;
				IPHONEOS_DEPLOYMENT_TARGET = 16.2;
				MARKETING_VERSION = 1.0;
				PRODUCT_BUNDLE_IDENTIFIER = com.SZEAN.PhotoScavengerHuntTests;
				PRODUCT_NAME = "$(TARGET_NAME)";
				SWIFT_EMIT_LOC_STRINGS = NO;
				SWIFT_VERSION = 5.0;
				TARGETED_DEVICE_FAMILY = "1,2";
				TEST_HOST = "$(BUILT_PRODUCTS_DIR)/PhotoScavengerHunt.app/$(BUNDLE_EXECUTABLE_FOLDER_PATH)/PhotoScavengerHunt";
			};
			name = Debug;
		};
		F962A3E32994A0B40000EBCB /* Release */ = {
			isa = XCBuildConfiguration;
			buildSettings = {
				ALWAYS_EMBED_SWIFT_STANDARD_LIBRARIES = YES;
				BUNDLE_LOADER = "$(TEST_HOST)";
				CODE_SIGN_STYLE = Automatic;
				CURRENT_PROJECT_VERSION = 1;
				DEVELOPMENT_TEAM = WN2TFA8SPY;
				GENERATE_INFOPLIST_FILE = YES;
				IPHONEOS_DEPLOYMENT_TARGET = 16.2;
				MARKETING_VERSION = 1.0;
				PRODUCT_BUNDLE_IDENTIFIER = com.SZEAN.PhotoScavengerHuntTests;
				PRODUCT_NAME = "$(TARGET_NAME)";
				SWIFT_EMIT_LOC_STRINGS = NO;
				SWIFT_VERSION = 5.0;
				TARGETED_DEVICE_FAMILY = "1,2";
				TEST_HOST = "$(BUILT_PRODUCTS_DIR)/PhotoScavengerHunt.app/$(BUNDLE_EXECUTABLE_FOLDER_PATH)/PhotoScavengerHunt";
			};
			name = Release;
		};
		F962A3E52994A0B40000EBCB /* Debug */ = {
			isa = XCBuildConfiguration;
			buildSettings = {
				ALWAYS_EMBED_SWIFT_STANDARD_LIBRARIES = YES;
				CODE_SIGN_STYLE = Automatic;
				CURRENT_PROJECT_VERSION = 1;
				DEVELOPMENT_TEAM = WN2TFA8SPY;
				GENERATE_INFOPLIST_FILE = YES;
				MARKETING_VERSION = 1.0;
				PRODUCT_BUNDLE_IDENTIFIER = com.SZEAN.PhotoScavengerHuntUITests;
				PRODUCT_NAME = "$(TARGET_NAME)";
				SWIFT_EMIT_LOC_STRINGS = NO;
				SWIFT_VERSION = 5.0;
				TARGETED_DEVICE_FAMILY = "1,2";
				TEST_TARGET_NAME = PhotoScavengerHunt;
			};
			name = Debug;
		};
		F962A3E62994A0B40000EBCB /* Release */ = {
			isa = XCBuildConfiguration;
			buildSettings = {
				ALWAYS_EMBED_SWIFT_STANDARD_LIBRARIES = YES;
				CODE_SIGN_STYLE = Automatic;
				CURRENT_PROJECT_VERSION = 1;
				DEVELOPMENT_TEAM = WN2TFA8SPY;
				GENERATE_INFOPLIST_FILE = YES;
				MARKETING_VERSION = 1.0;
				PRODUCT_BUNDLE_IDENTIFIER = com.SZEAN.PhotoScavengerHuntUITests;
				PRODUCT_NAME = "$(TARGET_NAME)";
				SWIFT_EMIT_LOC_STRINGS = NO;
				SWIFT_VERSION = 5.0;
				TARGETED_DEVICE_FAMILY = "1,2";
				TEST_TARGET_NAME = PhotoScavengerHunt;
			};
			name = Release;
		};
/* End XCBuildConfiguration section */

/* Begin XCConfigurationList section */
		F962A3AF2994A0B30000EBCB /* Build configuration list for PBXProject "PhotoScavengerHunt" */ = {
			isa = XCConfigurationList;
			buildConfigurations = (
				F962A3DC2994A0B40000EBCB /* Debug */,
				F962A3DD2994A0B40000EBCB /* Release */,
			);
			defaultConfigurationIsVisible = 0;
			defaultConfigurationName = Release;
		};
		F962A3DE2994A0B40000EBCB /* Build configuration list for PBXNativeTarget "PhotoScavengerHunt" */ = {
			isa = XCConfigurationList;
			buildConfigurations = (
				F962A3DF2994A0B40000EBCB /* Debug */,
				F962A3E02994A0B40000EBCB /* Release */,
			);
			defaultConfigurationIsVisible = 0;
			defaultConfigurationName = Release;
		};
		F962A3E12994A0B40000EBCB /* Build configuration list for PBXNativeTarget "PhotoScavengerHuntTests" */ = {
			isa = XCConfigurationList;
			buildConfigurations = (
				F962A3E22994A0B40000EBCB /* Debug */,
				F962A3E32994A0B40000EBCB /* Release */,
			);
			defaultConfigurationIsVisible = 0;
			defaultConfigurationName = Release;
		};
		F962A3E42994A0B40000EBCB /* Build configuration list for PBXNativeTarget "PhotoScavengerHuntUITests" */ = {
			isa = XCConfigurationList;
			buildConfigurations = (
				F962A3E52994A0B40000EBCB /* Debug */,
				F962A3E62994A0B40000EBCB /* Release */,
			);
			defaultConfigurationIsVisible = 0;
			defaultConfigurationName = Release;
		};
/* End XCConfigurationList section */
	};
	rootObject = F962A3AC2994A0B30000EBCB /* Project object */;
}
